
Microsoft Visual Studio Solution File, Format Version 12.00
# Visual Studio 15
VisualStudioVersion = 15.0.28307.168
MinimumVisualStudioVersion = 10.0.40219.1
Project("{FAE04EC0-301F-11D3-BF4B-00C04F79EFBC}") = "FunctionalPrograms", "FunctionalPrograms.csproj", "{36F397F7-ECEF-418F-86C0-D8A762655695}"
EndProject
Global
	GlobalSection(SolutionConfigurationPlatforms) = preSolution
		Debug|Any CPU = Debug|Any CPU
		Release|Any CPU = Release|Any CPU
	EndGlobalSection
	GlobalSection(ProjectConfigurationPlatforms) = postSolution
		{36F397F7-ECEF-418F-86C0-D8A762655695}.Debug|Any CPU.ActiveCfg = Debug|Any CPU
		{36F397F7-ECEF-418F-86C0-D8A762655695}.Debug|Any CPU.Build.0 = Debug|Any CPU
		{36F397F7-ECEF-418F-86C0-D8A762655695}.Release|Any CPU.ActiveCfg = Release|Any CPU
		{36F397F7-ECEF-418F-86C0-D8A762655695}.Release|Any CPU.Build.0 = Release|Any CPU
	EndGlobalSection
	GlobalSection(SolutionProperties) = preSolution
		HideSolutionNode = FALSE
	EndGlobalSection
	GlobalSection(ExtensibilityGlobals) = postSolution
		SolutionGuid = {E33A3548-82BC-4F80-9B78-C940400BACDB}
	EndGlobalSection
EndGlobal
